
Microsoft Visual Studio Solution File, Format Version 12.00
# Visual Studio Version 16
VisualStudioVersion = 16.0.30907.101
MinimumVisualStudioVersion = 10.0.40219.1
Project("{9A19103F-16F7-4668-BE54-9A1E7A4F7556}") = "OpenAPI", "OpenAPI\OpenAPI.csproj", "{CB9911BF-9689-48E3-8187-88F9B0DC6619}"
EndProject
Project("{FAE04EC0-301F-11D3-BF4B-00C04F79EFBC}") = "DatasetService", "DatasetService\DatasetService.csproj", "{E6605C91-87A4-4ED0-A5F6-FFFBABFAFC4E}"
EndProject
Global
	GlobalSection(SolutionConfigurationPlatforms) = preSolution
		Debug|Any CPU = Debug|Any CPU
		Release|Any CPU = Release|Any CPU
	EndGlobalSection
	GlobalSection(ProjectConfigurationPlatforms) = postSolution
		{CB9911BF-9689-48E3-8187-88F9B0DC6619}.Debug|Any CPU.ActiveCfg = Debug|Any CPU
		{CB9911BF-9689-48E3-8187-88F9B0DC6619}.Debug|Any CPU.Build.0 = Debug|Any CPU
		{CB9911BF-9689-48E3-8187-88F9B0DC6619}.Release|Any CPU.ActiveCfg = Release|Any CPU
		{CB9911BF-9689-48E3-8187-88F9B0DC6619}.Release|Any CPU.Build.0 = Release|Any CPU
		{E6605C91-87A4-4ED0-A5F6-FFFBABFAFC4E}.Debug|Any CPU.ActiveCfg = Debug|Any CPU
		{E6605C91-87A4-4ED0-A5F6-FFFBABFAFC4E}.Debug|Any CPU.Build.0 = Debug|Any CPU
		{E6605C91-87A4-4ED0-A5F6-FFFBABFAFC4E}.Release|Any CPU.ActiveCfg = Release|Any CPU
		{E6605C91-87A4-4ED0-A5F6-FFFBABFAFC4E}.Release|Any CPU.Build.0 = Release|Any CPU
	EndGlobalSection
	GlobalSection(SolutionProperties) = preSolution
		HideSolutionNode = FALSE
	EndGlobalSection
	GlobalSection(ExtensibilityGlobals) = postSolution
		SolutionGuid = {4733BF53-7BC2-43D0-B59C-FD3628D0467B}
	EndGlobalSection
EndGlobal
